{
  "requires": true,
  "lockfileVersion": 1,
  "dependencies": {
    "bulma": {
      "version": "0.9.3",
      "resolved": "https://registry.npmjs.org/bulma/-/bulma-0.9.3.tgz",
      "integrity": "sha512-0d7GNW1PY4ud8TWxdNcP6Cc8Bu7MxcntD/RRLGWuiw/s0a9P+XlH/6QoOIrmbj6o8WWJzJYhytiu9nFjTszk1g=="
    },
    "bulma-switch-control": {
      "version": "1.1.1",
      "resolved": "https://registry.npmjs.org/bulma-switch-control/-/bulma-switch-control-1.1.1.tgz",
      "integrity": "sha512-uvPhLeiip1P/JZf9nidbA+7cQmUYKzS5vVbzhEAUk0oz6H3hPhHDIef/rUwqig1veRUd7vXBZ1hOcsM9gLxv/A==",
      "requires": {
        "bulma": "^0.9.0"
      }
    }
  }
}
